
Microsoft Visual Studio Solution File, Format Version 12.00
# Visual Studio Version 16
VisualStudioVersion = 16.0.31515.178
MinimumVisualStudioVersion = 10.0.40219.1
Project("{8BC9CEB8-8B4A-11D0-8D11-00A0C91BC942}") = "5zi", "5zi\5zi.vcxproj", "{508F8EDA-491B-4BC4-8671-026EFE825E4D}"
EndProject
Global
	GlobalSection(SolutionConfigurationPlatforms) = preSolution
		Debug|x64 = Debug|x64
		Debug|x86 = Debug|x86
		Release|x64 = Release|x64
		Release|x86 = Release|x86
	EndGlobalSection
	GlobalSection(ProjectConfigurationPlatforms) = postSolution
		{508F8EDA-491B-4BC4-8671-026EFE825E4D}.Debug|x64.ActiveCfg = Debug|x64
		{508F8EDA-491B-4BC4-8671-026EFE825E4D}.Debug|x64.Build.0 = Debug|x64
		{508F8EDA-491B-4BC4-8671-026EFE825E4D}.Debug|x86.ActiveCfg = Debug|Win32
		{508F8EDA-491B-4BC4-8671-026EFE825E4D}.Debug|x86.Build.0 = Debug|Win32
		{508F8EDA-491B-4BC4-8671-026EFE825E4D}.Release|x64.ActiveCfg = Release|x64
		{508F8EDA-491B-4BC4-8671-026EFE825E4D}.Release|x64.Build.0 = Release|x64
		{508F8EDA-491B-4BC4-8671-026EFE825E4D}.Release|x86.ActiveCfg = Release|Win32
		{508F8EDA-491B-4BC4-8671-026EFE825E4D}.Release|x86.Build.0 = Release|Win32
	EndGlobalSection
	GlobalSection(SolutionProperties) = preSolution
		HideSolutionNode = FALSE
	EndGlobalSection
	GlobalSection(ExtensibilityGlobals) = postSolution
		SolutionGuid = {0FB0A7BC-3E49-4E80-8A0E-D6957BDDC8E4}
	EndGlobalSection
EndGlobal
